lockfileVersion: 5.3

specifiers:
  typedoc: ^0.23.18
  typedoc-monorepo-link-types: ^0.0.4
  typedoc-plugin-missing-exports: ^1.0.0
  typedoc-plugin-resolve-crossmodule-references: ^0.3.2
  typescript: ^4.8.4

dependencies:
  typedoc: 0.23.18_typescript@4.8.4
  typedoc-monorepo-link-types: 0.0.4_typedoc@0.23.18
  typedoc-plugin-missing-exports: 1.0.0_typedoc@0.23.18
  typedoc-plugin-resolve-crossmodule-references: 0.3.2_typedoc@0.23.18
  typescript: 4.8.4

packages:

  /balanced-match/1.0.2:
    resolution: {integrity: sha512-3oSeUO0TMV67hN1AmbXsK4yaqU7tjiHlbxRDZOpH0KW9+CeX4bRAaX0Anxt0tx2MrpRpWwQaPwIlISEJhYU5Pw==}
    dev: false

  /brace-expansion/2.0.1:
    resolution: {integrity: sha512-XnAIvQ8eM+kC6aULx6wuQiwVsnzsi9d3WxzV3FpWTGA19F621kwdbsAcFKXgKUHZWsy+mY6iL1sHTxWEFCytDA==}
    dependencies:
      balanced-match: 1.0.2
    dev: false

  /jsonc-parser/3.2.0:
    resolution: {integrity: sha512-gfFQZrcTc8CnKXp6Y4/CBT3fTc0OVuDofpre4aEeEpSBPV5X5v4+Vmx+8snU7RLPrNHPKSgLxGo9YuQzz20o+w==}
    dev: false

  /lunr/2.3.9:
    resolution: {integrity: sha512-zTU3DaZaF3Rt9rhN3uBMGQD3dD2/vFQqnvZCDv4dl5iOzq2IZQqTxu90r4E5J+nP70J3ilqVCrbho2eWaeW8Ow==}
    dev: false

  /marked/4.1.1:
    resolution: {integrity: sha512-0cNMnTcUJPxbA6uWmCmjWz4NJRe/0Xfk2NhXCUHjew9qJzFN20krFnsUe7QynwqOwa5m1fZ4UDg0ycKFVC0ccw==}
    engines: {node: '>= 12'}
    hasBin: true
    dev: false

  /minimatch/5.1.0:
    resolution: {integrity: sha512-9TPBGGak4nHfGZsPBohm9AWg6NoT7QTCehS3BIJABslyZbzxfV78QM2Y6+i741OPZIafFAaiiEMh5OyIrJPgtg==}
    engines: {node: '>=10'}
    dependencies:
      brace-expansion: 2.0.1
    dev: false

  /shiki/0.11.1:
    resolution: {integrity: sha512-EugY9VASFuDqOexOgXR18ZV+TbFrQHeCpEYaXamO+SZlsnT/2LxuLBX25GGtIrwaEVFXUAbUQ601SWE2rMwWHA==}
    dependencies:
      jsonc-parser: 3.2.0
      vscode-oniguruma: 1.6.2
      vscode-textmate: 6.0.0
    dev: false

  /typedoc-monorepo-link-types/0.0.4_typedoc@0.23.18:
    resolution: {integrity: sha512-fAxmfoJSp6cvT+I9/pN9pS2R8EoKUHaKU095E6H7FwN4tZUXPri5CZkxi9JLRlM5SV+pQwIlYnx9b+hnVP0nHA==}
    peerDependencies:
      typedoc: 0.23.x
    dependencies:
      typedoc: 0.23.18_typescript@4.8.4
    dev: false

  /typedoc-plugin-missing-exports/1.0.0_typedoc@0.23.18:
    resolution: {integrity: sha512-7s6znXnuAj1eD9KYPyzVzR1lBF5nwAY8IKccP5sdoO9crG4lpd16RoFpLsh2PccJM+I2NASpr0+/NMka6ThwVA==}
    peerDependencies:
      typedoc: 0.22.x || 0.23.x
    dependencies:
      typedoc: 0.23.18_typescript@4.8.4
    dev: false

  /typedoc-plugin-resolve-crossmodule-references/0.3.2_typedoc@0.23.18:
    resolution: {integrity: sha512-28NJzaA+OxEkHLyaOnTAOW6GC6A30f00LSgFZ7x+haFb2Lhlpno4Aiocbf5RRUQ1uht/O4c47KbYm837HsO/nw==}
    engines: {node: '>=16'}
    peerDependencies:
      typedoc: '>=0.22 <=0.23'
    dependencies:
      typedoc: 0.23.18_typescript@4.8.4
    dev: false

  /typedoc/0.23.18_typescript@4.8.4:
    resolution: {integrity: sha512-0Tq/uFkUuWyRYyjOShTkhsOm6u5E8wf0i6L76/k5znEaxvWKHGeT2ywZThGrDrryV/skO/REM824D1gm8ccQuA==}
    engines: {node: '>= 14.14'}
    hasBin: true
    peerDependencies:
      typescript: 4.6.x || 4.7.x || 4.8.x
    dependencies:
      lunr: 2.3.9
      marked: 4.1.1
      minimatch: 5.1.0
      shiki: 0.11.1
      typescript: 4.8.4
    dev: false

  /typescript/4.8.4:
    resolution: {integrity: sha512-QCh+85mCy+h0IGff8r5XWzOVSbBO+KfeYrMQh7NJ58QujwcE22u+NUSmUxqF+un70P9GXKxa2HCNiTTMJknyjQ==}
    engines: {node: '>=4.2.0'}
    hasBin: true
    dev: false

  /vscode-oniguruma/1.6.2:
    resolution: {integrity: sha512-KH8+KKov5eS/9WhofZR8M8dMHWN2gTxjMsG4jd04YhpbPR91fUj7rYQ2/XjeHCJWbg7X++ApRIU9NUwM2vTvLA==}
    dev: false

  /vscode-textmate/6.0.0:
    resolution: {integrity: sha512-gu73tuZfJgu+mvCSy4UZwd2JXykjK9zAZsfmDeut5dx/1a7FeTk0XwJsSuqQn+cuMCGVbIBfl+s53X4T19DnzQ==}
    dev: false
